
Microsoft Visual Studio Solution File, Format Version 12.00
# Visual Studio Version 17
VisualStudioVersion = 17.0.31903.59
MinimumVisualStudioVersion = 10.0.40219.1
Project("{FAE04EC0-301F-11D3-BF4B-00C04F79EFBC}") = "QualityControl.Core", "QualityControl.Core\QualityControl.Core.csproj", "{EF32FB71-5624-400C-8D67-A5E6EE01028A}"
EndProject
Project("{FAE04EC0-301F-11D3-BF4B-00C04F79EFBC}") = "QualityControl.Desktop", "QualityControl.Desktop\QualityControl.Desktop.csproj", "{6704DA90-DBCA-4401-9247-E5D371CFED35}"
EndProject
Project("{FAE04EC0-301F-11D3-BF4B-00C04F79EFBC}") = "QualityControl.Service", "QualityControl.Service\QualityControl.Service.csproj", "{6841AE3B-589E-480C-8986-DDCBD234F041}"
EndProject
Global
	GlobalSection(SolutionConfigurationPlatforms) = preSolution
		Debug|Any CPU = Debug|Any CPU
		Debug|x64 = Debug|x64
		Debug|x86 = Debug|x86
		Release|Any CPU = Release|Any CPU
		Release|x64 = Release|x64
		Release|x86 = Release|x86
	EndGlobalSection
	GlobalSection(ProjectConfigurationPlatforms) = postSolution
		{EF32FB71-5624-400C-8D67-A5E6EE01028A}.Debug|Any CPU.ActiveCfg = Debug|Any CPU
		{EF32FB71-5624-400C-8D67-A5E6EE01028A}.Debug|Any CPU.Build.0 = Debug|Any CPU
		{EF32FB71-5624-400C-8D67-A5E6EE01028A}.Debug|x64.ActiveCfg = Debug|Any CPU
		{EF32FB71-5624-400C-8D67-A5E6EE01028A}.Debug|x64.Build.0 = Debug|Any CPU
		{EF32FB71-5624-400C-8D67-A5E6EE01028A}.Debug|x86.ActiveCfg = Debug|Any CPU
		{EF32FB71-5624-400C-8D67-A5E6EE01028A}.Debug|x86.Build.0 = Debug|Any CPU
		{EF32FB71-5624-400C-8D67-A5E6EE01028A}.Release|Any CPU.ActiveCfg = Release|Any CPU
		{EF32FB71-5624-400C-8D67-A5E6EE01028A}.Release|Any CPU.Build.0 = Release|Any CPU
		{EF32FB71-5624-400C-8D67-A5E6EE01028A}.Release|x64.ActiveCfg = Release|Any CPU
		{EF32FB71-5624-400C-8D67-A5E6EE01028A}.Release|x64.Build.0 = Release|Any CPU
		{EF32FB71-5624-400C-8D67-A5E6EE01028A}.Release|x86.ActiveCfg = Release|Any CPU
		{EF32FB71-5624-400C-8D67-A5E6EE01028A}.Release|x86.Build.0 = Release|Any CPU
		{6704DA90-DBCA-4401-9247-E5D371CFED35}.Debug|Any CPU.ActiveCfg = Debug|Any CPU
		{6704DA90-DBCA-4401-9247-E5D371CFED35}.Debug|Any CPU.Build.0 = Debug|Any CPU
		{6704DA90-DBCA-4401-9247-E5D371CFED35}.Debug|x64.ActiveCfg = Debug|Any CPU
		{6704DA90-DBCA-4401-9247-E5D371CFED35}.Debug|x64.Build.0 = Debug|Any CPU
		{6704DA90-DBCA-4401-9247-E5D371CFED35}.Debug|x86.ActiveCfg = Debug|Any CPU
		{6704DA90-DBCA-4401-9247-E5D371CFED35}.Debug|x86.Build.0 = Debug|Any CPU
		{6704DA90-DBCA-4401-9247-E5D371CFED35}.Release|Any CPU.ActiveCfg = Release|Any CPU
		{6704DA90-DBCA-4401-9247-E5D371CFED35}.Release|Any CPU.Build.0 = Release|Any CPU
		{6704DA90-DBCA-4401-9247-E5D371CFED35}.Release|x64.ActiveCfg = Release|Any CPU
		{6704DA90-DBCA-4401-9247-E5D371CFED35}.Release|x64.Build.0 = Release|Any CPU
		{6704DA90-DBCA-4401-9247-E5D371CFED35}.Release|x86.ActiveCfg = Release|Any CPU
		{6704DA90-DBCA-4401-9247-E5D371CFED35}.Release|x86.Build.0 = Release|Any CPU
		{6841AE3B-589E-480C-8986-DDCBD234F041}.Debug|Any CPU.ActiveCfg = Debug|Any CPU
		{6841AE3B-589E-480C-8986-DDCBD234F041}.Debug|Any CPU.Build.0 = Debug|Any CPU
		{6841AE3B-589E-480C-8986-DDCBD234F041}.Debug|x64.ActiveCfg = Debug|Any CPU
		{6841AE3B-589E-480C-8986-DDCBD234F041}.Debug|x64.Build.0 = Debug|Any CPU
		{6841AE3B-589E-480C-8986-DDCBD234F041}.Debug|x86.ActiveCfg = Debug|Any CPU
		{6841AE3B-589E-480C-8986-DDCBD234F041}.Debug|x86.Build.0 = Debug|Any CPU
		{6841AE3B-589E-480C-8986-DDCBD234F041}.Release|Any CPU.ActiveCfg = Release|Any CPU
		{6841AE3B-589E-480C-8986-DDCBD234F041}.Release|Any CPU.Build.0 = Release|Any CPU
		{6841AE3B-589E-480C-8986-DDCBD234F041}.Release|x64.ActiveCfg = Release|Any CPU
		{6841AE3B-589E-480C-8986-DDCBD234F041}.Release|x64.Build.0 = Release|Any CPU
		{6841AE3B-589E-480C-8986-DDCBD234F041}.Release|x86.ActiveCfg = Release|Any CPU
		{6841AE3B-589E-480C-8986-DDCBD234F041}.Release|x86.Build.0 = Release|Any CPU
	EndGlobalSection
	GlobalSection(SolutionProperties) = preSolution
		HideSolutionNode = FALSE
	EndGlobalSection
EndGlobal
